
Microsoft Visual Studio Solution File, Format Version 12.00
Project("{FAE04EC0-301F-11D3-BF4B-00C04F79EFBC}") = "Minesweeper", "Minesweeper\Minesweeper.csproj", "{0499CF26-80FF-453A-B033-66DD9DA8AB15}"
EndProject
Project("{FAE04EC0-301F-11D3-BF4B-00C04F79EFBC}") = "DataLayer", "DataLayer\DataLayer.csproj", "{F0E8D89F-93E2-41D7-9270-40BA731E9B2D}"
EndProject
Global
	GlobalSection(SolutionConfigurationPlatforms) = preSolution
		Debug|Any CPU = Debug|Any CPU
		Release|Any CPU = Release|Any CPU
	EndGlobalSection
	GlobalSection(ProjectConfigurationPlatforms) = postSolution
		{0499CF26-80FF-453A-B033-66DD9DA8AB15}.Debug|Any CPU.ActiveCfg = Debug|Any CPU
		{0499CF26-80FF-453A-B033-66DD9DA8AB15}.Debug|Any CPU.Build.0 = Debug|Any CPU
		{0499CF26-80FF-453A-B033-66DD9DA8AB15}.Release|Any CPU.ActiveCfg = Release|Any CPU
		{0499CF26-80FF-453A-B033-66DD9DA8AB15}.Release|Any CPU.Build.0 = Release|Any CPU
		{F0E8D89F-93E2-41D7-9270-40BA731E9B2D}.Debug|Any CPU.ActiveCfg = Debug|Any CPU
		{F0E8D89F-93E2-41D7-9270-40BA731E9B2D}.Debug|Any CPU.Build.0 = Debug|Any CPU
		{F0E8D89F-93E2-41D7-9270-40BA731E9B2D}.Release|Any CPU.ActiveCfg = Release|Any CPU
		{F0E8D89F-93E2-41D7-9270-40BA731E9B2D}.Release|Any CPU.Build.0 = Release|Any CPU
	EndGlobalSection
EndGlobal
